
Microsoft Visual Studio Solution File, Format Version 12.00
# Visual Studio 2012
Project("{FAE04EC0-301F-11D3-BF4B-00C04F79EFBC}") = "Exercise3", "Exercise3\Exercise3.csproj", "{99BD1CEE-93BF-409D-BF68-31C95ED8EA41}"
EndProject
Project("{FAE04EC0-301F-11D3-BF4B-00C04F79EFBC}") = "Exercise3.Tests", "Tests\Exercise3.Tests\Exercise3.Tests.csproj", "{3F6B8A39-D7DB-4736-B476-5A18E50BF293}"
EndProject
Global
	GlobalSection(SolutionConfigurationPlatforms) = preSolution
		Debug|Any CPU = Debug|Any CPU
		Debug|Mixed Platforms = Debug|Mixed Platforms
		Debug|x86 = Debug|x86
		Release|Any CPU = Release|Any CPU
		Release|Mixed Platforms = Release|Mixed Platforms
		Release|x86 = Release|x86
	EndGlobalSection
	GlobalSection(ProjectConfigurationPlatforms) = postSolution
		{99BD1CEE-93BF-409D-BF68-31C95ED8EA41}.Debug|Any CPU.ActiveCfg = Debug|x86
		{99BD1CEE-93BF-409D-BF68-31C95ED8EA41}.Debug|Mixed Platforms.ActiveCfg = Debug|x86
		{99BD1CEE-93BF-409D-BF68-31C95ED8EA41}.Debug|Mixed Platforms.Build.0 = Debug|x86
		{99BD1CEE-93BF-409D-BF68-31C95ED8EA41}.Debug|x86.ActiveCfg = Debug|x86
		{99BD1CEE-93BF-409D-BF68-31C95ED8EA41}.Debug|x86.Build.0 = Debug|x86
		{99BD1CEE-93BF-409D-BF68-31C95ED8EA41}.Release|Any CPU.ActiveCfg = Release|x86
		{99BD1CEE-93BF-409D-BF68-31C95ED8EA41}.Release|Mixed Platforms.ActiveCfg = Release|x86
		{99BD1CEE-93BF-409D-BF68-31C95ED8EA41}.Release|Mixed Platforms.Build.0 = Release|x86
		{99BD1CEE-93BF-409D-BF68-31C95ED8EA41}.Release|x86.ActiveCfg = Release|x86
		{99BD1CEE-93BF-409D-BF68-31C95ED8EA41}.Release|x86.Build.0 = Release|x86
		{3F6B8A39-D7DB-4736-B476-5A18E50BF293}.Debug|Any CPU.ActiveCfg = Debug|Any CPU
		{3F6B8A39-D7DB-4736-B476-5A18E50BF293}.Debug|Any CPU.Build.0 = Debug|Any CPU
		{3F6B8A39-D7DB-4736-B476-5A18E50BF293}.Debug|Mixed Platforms.ActiveCfg = Debug|Any CPU
		{3F6B8A39-D7DB-4736-B476-5A18E50BF293}.Debug|Mixed Platforms.Build.0 = Debug|Any CPU
		{3F6B8A39-D7DB-4736-B476-5A18E50BF293}.Debug|x86.ActiveCfg = Debug|Any CPU
		{3F6B8A39-D7DB-4736-B476-5A18E50BF293}.Release|Any CPU.ActiveCfg = Release|Any CPU
		{3F6B8A39-D7DB-4736-B476-5A18E50BF293}.Release|Any CPU.Build.0 = Release|Any CPU
		{3F6B8A39-D7DB-4736-B476-5A18E50BF293}.Release|Mixed Platforms.ActiveCfg = Release|Any CPU
		{3F6B8A39-D7DB-4736-B476-5A18E50BF293}.Release|Mixed Platforms.Build.0 = Release|Any CPU
		{3F6B8A39-D7DB-4736-B476-5A18E50BF293}.Release|x86.ActiveCfg = Release|Any CPU
	EndGlobalSection
	GlobalSection(SolutionProperties) = preSolution
		HideSolutionNode = FALSE
	EndGlobalSection
EndGlobal
